
Microsoft Visual Studio Solution File, Format Version 11.00
# Visual Studio 2010
Project("{FAE04EC0-301F-11D3-BF4B-00C04F79EFBC}") = "WorldSim", "Assembly-CSharp.csproj", "{F7091328-81F1-2F15-161C-CB97FB464B94}"
EndProject
Project("{FAE04EC0-301F-11D3-BF4B-00C04F79EFBC}") = "WorldSim", "Assembly-CSharp-Editor.csproj", "{00278B75-22E6-56DF-2EB4-EB7CDB2C0C3C}"
EndProject
Global
	GlobalSection(SolutionConfigurationPlatforms) = preSolution
		Debug|Any CPU = Debug|Any CPU
		Release|Any CPU = Release|Any CPU
	EndGlobalSection
	GlobalSection(ProjectConfigurationPlatforms) = postSolution
		{F7091328-81F1-2F15-161C-CB97FB464B94}.Debug|Any CPU.ActiveCfg = Debug|Any CPU
		{F7091328-81F1-2F15-161C-CB97FB464B94}.Debug|Any CPU.Build.0 = Debug|Any CPU
		{F7091328-81F1-2F15-161C-CB97FB464B94}.Release|Any CPU.ActiveCfg = Release|Any CPU
		{F7091328-81F1-2F15-161C-CB97FB464B94}.Release|Any CPU.Build.0 = Release|Any CPU
		{00278B75-22E6-56DF-2EB4-EB7CDB2C0C3C}.Debug|Any CPU.ActiveCfg = Debug|Any CPU
		{00278B75-22E6-56DF-2EB4-EB7CDB2C0C3C}.Debug|Any CPU.Build.0 = Debug|Any CPU
		{00278B75-22E6-56DF-2EB4-EB7CDB2C0C3C}.Release|Any CPU.ActiveCfg = Release|Any CPU
		{00278B75-22E6-56DF-2EB4-EB7CDB2C0C3C}.Release|Any CPU.Build.0 = Release|Any CPU
	EndGlobalSection
	GlobalSection(SolutionProperties) = preSolution
		HideSolutionNode = FALSE
	EndGlobalSection
	GlobalSection(MonoDevelopProperties) = preSolution
		StartupItem = Assembly-CSharp.csproj
	EndGlobalSection
EndGlobal
